PODS:
  - KnobGestureRecognizer (0.1.0)

DEPENDENCIES:
  - KnobGestureRecognizer (from `../`)

EXTERNAL SOURCES:
  KnobGestureRecognizer:
    :path: "../"

SPEC CHECKSUMS:
  KnobGestureRecognizer: b53cf4471daf13caf6b7120fc93fe599077bf873

PODFILE CHECKSUM: 28226a64fa8569eb2c2c67005f7c3431131eac2e

COCOAPODS: 1.2.0
